// !$*UTF8*$!
{
	archiveVersion = 1;
	classes = {
	};
	objectVersion = 50;
	objects = {

/* Begin PBXBuildFile section */
		8282328E25EFDB3C006893CA /* learn_xcode_11App.swift in Sources */ = {isa = PBXBuildFile; fileRef = 8282328D25EFDB3C006893CA /* learn_xcode_11App.swift */; };
		8282329225EFDB3F006893CA /* Assets.xcassets in Resources */ = {isa = PBXBuildFile; fileRef = 8282329125EFDB3F006893CA /* Assets.xcassets */; };
		8282329525EFDB3F006893CA /* Preview Assets.xcassets in Resources */ = {isa = PBXBuildFile; fileRef = 8282329425EFDB3F006893CA /* Preview Assets.xcassets */; };
		828232A025EFDB3F006893CA /* learn_xcode_11Tests.swift in Sources */ = {isa = PBXBuildFile; fileRef = 8282329F25EFDB3F006893CA /* learn_xcode_11Tests.swift */; };
		828232AB25EFDB3F006893CA /* learn_xcode_11UITests.swift in Sources */ = {isa = PBXBuildFile; fileRef = 828232AA25EFDB3F006893CA /* learn_xcode_11UITests.swift */; };
		828232C225EFDB6E006893CA /* MainPage.swift in Sources */ = {isa = PBXBuildFile; fileRef = 828232C125EFDB6E006893CA /* MainPage.swift */; };
		828232C725EFDB92006893CA /* AppData.swift in Sources */ = {isa = PBXBuildFile; fileRef = 828232C625EFDB92006893CA /* AppData.swift */; };
		828232D125EFE2C1006893CA /* HeroView.swift in Sources */ = {isa = PBXBuildFile; fileRef = 828232D025EFE2C1006893CA /* HeroView.swift */; };
/* End PBXBuildFile section */

/* Begin PBXContainerItemProxy section */
		8282329C25EFDB3F006893CA /* PBXContainerItemProxy */ = {
			isa = PBXContainerItemProxy;
			containerPortal = 8282328225EFDB3C006893CA /* Project object */;
			proxyType = 1;
			remoteGlobalIDString = 8282328925EFDB3C006893CA;
			remoteInfo = learn_xcode_11;
		};
		828232A725EFDB3F006893CA /* PBXContainerItemProxy */ = {
			isa = PBXContainerItemProxy;
			containerPortal = 8282328225EFDB3C006893CA /* Project object */;
			proxyType = 1;
			remoteGlobalIDString = 8282328925EFDB3C006893CA;
			remoteInfo = learn_xcode_11;
		};
/* End PBXContainerItemProxy section */

/* Begin PBXFileReference section */
		8282328A25EFDB3C006893CA /* learn_xcode_11.app */ = {isa = PBXFileReference; explicitFileType = wrapper.application; includeInIndex = 0; path = learn_xcode_11.app; sourceTree = BUILT_PRODUCTS_DIR; };
		8282328D25EFDB3C006893CA /* learn_xcode_11App.swift */ = {isa = PBXFileReference; lastKnownFileType = sourcecode.swift; path = learn_xcode_11App.swift; sourceTree = "<group>"; };
		8282329125EFDB3F006893CA /* Assets.xcassets */ = {isa = PBXFileReference; lastKnownFileType = folder.assetcatalog; path = Assets.xcassets; sourceTree = "<group>"; };
		8282329425EFDB3F006893CA /* Preview Assets.xcassets */ = {isa = PBXFileReference; lastKnownFileType = folder.assetcatalog; path = "Preview Assets.xcassets"; sourceTree = "<group>"; };
		8282329625EFDB3F006893CA /* Info.plist */ = {isa = PBXFileReference; lastKnownFileType = text.plist.xml; path = Info.plist; sourceTree = "<group>"; };
		8282329B25EFDB3F006893CA /* learn_xcode_11Tests.xctest */ = {isa = PBXFileReference; explicitFileType = wrapper.cfbundle; includeInIndex = 0; path = learn_xcode_11Tests.xctest; sourceTree = BUILT_PRODUCTS_DIR; };
		8282329F25EFDB3F006893CA /* learn_xcode_11Tests.swift */ = {isa = PBXFileReference; lastKnownFileType = sourcecode.swift; path = learn_xcode_11Tests.swift; sourceTree = "<group>"; };
		828232A125EFDB3F006893CA /* Info.plist */ = {isa = PBXFileReference; lastKnownFileType = text.plist.xml; path = Info.plist; sourceTree = "<group>"; };
		828232A625EFDB3F006893CA /* learn_xcode_11UITests.xctest */ = {isa = PBXFileReference; explicitFileType = wrapper.cfbundle; includeInIndex = 0; path = learn_xcode_11UITests.xctest; sourceTree = BUILT_PRODUCTS_DIR; };
		828232AA25EFDB3F006893CA /* learn_xcode_11UITests.swift */ = {isa = PBXFileReference; lastKnownFileType = sourcecode.swift; path = learn_xcode_11UITests.swift; sourceTree = "<group>"; };
		828232AC25EFDB3F006893CA /* Info.plist */ = {isa = PBXFileReference; lastKnownFileType = text.plist.xml; path = Info.plist; sourceTree = "<group>"; };
		828232C125EFDB6E006893CA /* MainPage.swift */ = {isa = PBXFileReference; lastKnownFileType = sourcecode.swift; path = MainPage.swift; sourceTree = "<group>"; };
		828232C625EFDB92006893CA /* AppData.swift */ = {isa = PBXFileReference; lastKnownFileType = sourcecode.swift; path = AppData.swift; sourceTree = "<group>"; };
		828232D025EFE2C1006893CA /* HeroView.swift */ = {isa = PBXFileReference; lastKnownFileType = sourcecode.swift; path = HeroView.swift; sourceTree = "<group>"; };
/* End PBXFileReference section */

/* Begin PBXFrameworksBuildPhase section */
		8282328725EFDB3C006893CA /* Frameworks */ = {
			isa = PBXFrameworksBuildPhase;
			buildActionMask = 2147483647;
			files = (
			);
			runOnlyForDeploymentPostprocessing = 0;
		};
		8282329825EFDB3F006893CA /* Frameworks */ = {
			isa = PBXFrameworksBuildPhase;
			buildActionMask = 2147483647;
			files = (
			);
			runOnlyForDeploymentPostprocessing = 0;
		};
		828232A325EFDB3F006893CA /* Frameworks */ = {
			isa = PBXFrameworksBuildPhase;
			buildActionMask = 2147483647;
			files = (
			);
			runOnlyForDeploymentPostprocessing = 0;
		};
/* End PBXFrameworksBuildPhase section */

/* Begin PBXGroup section */
		8282328125EFDB3C006893CA = {
			isa = PBXGroup;
			children = (
				8282328C25EFDB3C006893CA /* learn_xcode_11 */,
				8282329E25EFDB3F006893CA /* learn_xcode_11Tests */,
				828232A925EFDB3F006893CA /* learn_xcode_11UITests */,
				8282328B25EFDB3C006893CA /* Products */,
			);
			sourceTree = "<group>";
		};
		8282328B25EFDB3C006893CA /* Products */ = {
			isa = PBXGroup;
			children = (
				8282328A25EFDB3C006893CA /* learn_xcode_11.app */,
				8282329B25EFDB3F006893CA /* learn_xcode_11Tests.xctest */,
				828232A625EFDB3F006893CA /* learn_xcode_11UITests.xctest */,
			);
			name = Products;
			sourceTree = "<group>";
		};
		8282328C25EFDB3C006893CA /* learn_xcode_11 */ = {
			isa = PBXGroup;
			children = (
				828232BD25EFDB58006893CA /* ViewModels */,
				828232BC25EFDB53006893CA /* Models */,
				828232BB25EFDB4D006893CA /* Views */,
				8282328D25EFDB3C006893CA /* learn_xcode_11App.swift */,
				8282329125EFDB3F006893CA /* Assets.xcassets */,
				8282329625EFDB3F006893CA /* Info.plist */,
				8282329325EFDB3F006893CA /* Preview Content */,
			);
			path = learn_xcode_11;
			sourceTree = "<group>";
		};
		8282329325EFDB3F006893CA /* Preview Content */ = {
			isa = PBXGroup;
			children = (
				8282329425EFDB3F006893CA /* Preview Assets.xcassets */,
			);
			path = "Preview Content";
			sourceTree = "<group>";
		};
		8282329E25EFDB3F006893CA /* learn_xcode_11Tests */ = {
			isa = PBXGroup;
			children = (
				8282329F25EFDB3F006893CA /* learn_xcode_11Tests.swift */,
				828232A125EFDB3F006893CA /* Info.plist */,
			);
			path = learn_xcode_11Tests;
			sourceTree = "<group>";
		};
		828232A925EFDB3F006893CA /* learn_xcode_11UITests */ = {
			isa = PBXGroup;
			children = (
				828232AA25EFDB3F006893CA /* learn_xcode_11UITests.swift */,
				828232AC25EFDB3F006893CA /* Info.plist */,
			);
			path = learn_xcode_11UITests;
			sourceTree = "<group>";
		};
		828232BB25EFDB4D006893CA /* Views */ = {
			isa = PBXGroup;
			children = (
				828232C125EFDB6E006893CA /* MainPage.swift */,
				828232D025EFE2C1006893CA /* HeroView.swift */,
			);
			path = Views;
			sourceTree = "<group>";
		};
		828232BC25EFDB53006893CA /* Models */ = {
			isa = PBXGroup;
			children = (
				828232C625EFDB92006893CA /* AppData.swift */,
			);
			path = Models;
			sourceTree = "<group>";
		};
		828232BD25EFDB58006893CA /* ViewModels */ = {
			isa = PBXGroup;
			children = (
			);
			path = ViewModels;
			sourceTree = "<group>";
		};
/* End PBXGroup section */

/* Begin PBXNativeTarget section */
		8282328925EFDB3C006893CA /* learn_xcode_11 */ = {
			isa = PBXNativeTarget;
			buildConfigurationList = 828232AF25EFDB3F006893CA /* Build configuration list for PBXNativeTarget "learn_xcode_11" */;
			buildPhases = (
				8282328625EFDB3C006893CA /* Sources */,
				8282328725EFDB3C006893CA /* Frameworks */,
				8282328825EFDB3C006893CA /* Resources */,
			);
			buildRules = (
			);
			dependencies = (
			);
			name = learn_xcode_11;
			productName = learn_xcode_11;
			productReference = 8282328A25EFDB3C006893CA /* learn_xcode_11.app */;
			productType = "com.apple.product-type.application";
		};
		8282329A25EFDB3F006893CA /* learn_xcode_11Tests */ = {
			isa = PBXNativeTarget;
			buildConfigurationList = 828232B225EFDB3F006893CA /* Build configuration list for PBXNativeTarget "learn_xcode_11Tests" */;
			buildPhases = (
				8282329725EFDB3F006893CA /* Sources */,
				8282329825EFDB3F006893CA /* Frameworks */,
				8282329925EFDB3F006893CA /* Resources */,
			);
			buildRules = (
			);
			dependencies = (
				8282329D25EFDB3F006893CA /* PBXTargetDependency */,
			);
			name = learn_xcode_11Tests;
			productName = learn_xcode_11Tests;
			productReference = 8282329B25EFDB3F006893CA /* learn_xcode_11Tests.xctest */;
			productType = "com.apple.product-type.bundle.unit-test";
		};
		828232A525EFDB3F006893CA /* learn_xcode_11UITests */ = {
			isa = PBXNativeTarget;
			buildConfigurationList = 828232B525EFDB3F006893CA /* Build configuration list for PBXNativeTarget "learn_xcode_11UITests" */;
			buildPhases = (
				828232A225EFDB3F006893CA /* Sources */,
				828232A325EFDB3F006893CA /* Frameworks */,
				828232A425EFDB3F006893CA /* Resources */,
			);
			buildRules = (
			);
			dependencies = (
				828232A825EFDB3F006893CA /* PBXTargetDependency */,
			);
			name = learn_xcode_11UITests;
			productName = learn_xcode_11UITests;
			productReference = 828232A625EFDB3F006893CA /* learn_xcode_11UITests.xctest */;
			productType = "com.apple.product-type.bundle.ui-testing";
		};
/* End PBXNativeTarget section */

/* Begin PBXProject section */
		8282328225EFDB3C006893CA /* Project object */ = {
			isa = PBXProject;
			attributes = {
				LastSwiftUpdateCheck = 1240;
				LastUpgradeCheck = 1240;
				TargetAttributes = {
					8282328925EFDB3C006893CA = {
						CreatedOnToolsVersion = 12.4;
					};
					8282329A25EFDB3F006893CA = {
						CreatedOnToolsVersion = 12.4;
						TestTargetID = 8282328925EFDB3C006893CA;
					};
					828232A525EFDB3F006893CA = {
						CreatedOnToolsVersion = 12.4;
						TestTargetID = 8282328925EFDB3C006893CA;
					};
				};
			};
			buildConfigurationList = 8282328525EFDB3C006893CA /* Build configuration list for PBXProject "learn_xcode_11" */;
			compatibilityVersion = "Xcode 9.3";
			developmentRegion = en;
			hasScannedForEncodings = 0;
			knownRegions = (
				en,
				Base,
			);
			mainGroup = 8282328125EFDB3C006893CA;
			productRefGroup = 8282328B25EFDB3C006893CA /* Products */;
			projectDirPath = "";
			projectRoot = "";
			targets = (
				8282328925EFDB3C006893CA /* learn_xcode_11 */,
				8282329A25EFDB3F006893CA /* learn_xcode_11Tests */,
				828232A525EFDB3F006893CA /* learn_xcode_11UITests */,
			);
		};
/* End PBXProject section */

/* Begin PBXResourcesBuildPhase section */
		8282328825EFDB3C006893CA /* Resources */ = {
			isa = PBXResourcesBuildPhase;
			buildActionMask = 2147483647;
			files = (
				8282329525EFDB3F006893CA /* Preview Assets.xcassets in Resources */,
				8282329225EFDB3F006893CA /* Assets.xcassets in Resources */,
			);
			runOnlyForDeploymentPostprocessing = 0;
		};
		8282329925EFDB3F006893CA /* Resources */ = {
			isa = PBXResourcesBuildPhase;
			buildActionMask = 2147483647;
			files = (
			);
			runOnlyForDeploymentPostprocessing = 0;
		};
		828232A425EFDB3F006893CA /* Resources */ = {
			isa = PBXResourcesBuildPhase;
			buildActionMask = 2147483647;
			files = (
			);
			runOnlyForDeploymentPostprocessing = 0;
		};
/* End PBXResourcesBuildPhase section */

/* Begin PBXSourcesBuildPhase section */
		8282328625EFDB3C006893CA /* Sources */ = {
			isa = PBXSourcesBuildPhase;
			buildActionMask = 2147483647;
			files = (
				8282328E25EFDB3C006893CA /* learn_xcode_11App.swift in Sources */,
				828232C225EFDB6E006893CA /* MainPage.swift in Sources */,
				828232C725EFDB92006893CA /* AppData.swift in Sources */,
				828232D125EFE2C1006893CA /* HeroView.swift in Sources */,
			);
			runOnlyForDeploymentPostprocessing = 0;
		};
		8282329725EFDB3F006893CA /* Sources */ = {
			isa = PBXSourcesBuildPhase;
			buildActionMask = 2147483647;
			files = (
				828232A025EFDB3F006893CA /* learn_xcode_11Tests.swift in Sources */,
			);
			runOnlyForDeploymentPostprocessing = 0;
		};
		828232A225EFDB3F006893CA /* Sources */ = {
			isa = PBXSourcesBuildPhase;
			buildActionMask = 2147483647;
			files = (
				828232AB25EFDB3F006893CA /* learn_xcode_11UITests.swift in Sources */,
			);
			runOnlyForDeploymentPostprocessing = 0;
		};
/* End PBXSourcesBuildPhase section */

/* Begin PBXTargetDependency section */
		8282329D25EFDB3F006893CA /* PBXTargetDependency */ = {
			isa = PBXTargetDependency;
			target = 8282328925EFDB3C006893CA /* learn_xcode_11 */;
			targetProxy = 8282329C25EFDB3F006893CA /* PBXContainerItemProxy */;
		};
		828232A825EFDB3F006893CA /* PBXTargetDependency */ = {
			isa = PBXTargetDependency;
			target = 8282328925EFDB3C006893CA /* learn_xcode_11 */;
			targetProxy = 828232A725EFDB3F006893CA /* PBXContainerItemProxy */;
		};
/* End PBXTargetDependency section */

/* Begin XCBuildConfiguration section */
		828232AD25EFDB3F006893CA /* Debug */ = {
			isa = XCBuildConfiguration;
			buildSettings = {
				ALWAYS_SEARCH_USER_PATHS = NO;
				CLANG_ANALYZER_NONNULL = YES;
				CLANG_ANALYZER_NUMBER_OBJECT_CONVERSION = YES_AGGRESSIVE;
				CLANG_CXX_LANGUAGE_STANDARD = "gnu++14";
				CLANG_CXX_LIBRARY = "libc++";
				CLANG_ENABLE_MODULES = YES;
				CLANG_ENABLE_OBJC_ARC = YES;
				CLANG_ENABLE_OBJC_WEAK = YES;
				CLANG_WARN_BLOCK_CAPTURE_AUTORELEASING = YES;
				CLANG_WARN_BOOL_CONVERSION = YES;
				CLANG_WARN_COMMA = YES;
				CLANG_WARN_CONSTANT_CONVERSION = YES;
				CLANG_WARN_DEPRECATED_OBJC_IMPLEMENTATIONS = YES;
				CLANG_WARN_DIRECT_OBJC_ISA_USAGE = YES_ERROR;
				CLANG_WARN_DOCUMENTATION_COMMENTS = YES;
				CLANG_WARN_EMPTY_BODY = YES;
				CLANG_WARN_ENUM_CONVERSION = YES;
				CLANG_WARN_INFINITE_RECURSION = YES;
				CLANG_WARN_INT_CONVERSION = YES;
				CLANG_WARN_NON_LITERAL_NULL_CONVERSION = YES;
				CLANG_WARN_OBJC_IMPLICIT_RETAIN_SELF = YES;
				CLANG_WARN_OBJC_LITERAL_CONVERSION = YES;
				CLANG_WARN_OBJC_ROOT_CLASS = YES_ERROR;
				CLANG_WARN_QUOTED_INCLUDE_IN_FRAMEWORK_HEADER = YES;
				CLANG_WARN_RANGE_LOOP_ANALYSIS = YES;
				CLANG_WARN_STRICT_PROTOTYPES = YES;
				CLANG_WARN_SUSPICIOUS_MOVE = YES;
				CLANG_WARN_UNGUARDED_AVAILABILITY = YES_AGGRESSIVE;
				CLANG_WARN_UNREACHABLE_CODE = YES;
				CLANG_WARN__DUPLICATE_METHOD_MATCH = YES;
				COPY_PHASE_STRIP = NO;
				DEBUG_INFORMATION_FORMAT = dwarf;
				ENABLE_STRICT_OBJC_MSGSEND = YES;
				ENABLE_TESTABILITY = YES;
				GCC_C_LANGUAGE_STANDARD = gnu11;
				GCC_DYNAMIC_NO_PIC = NO;
				GCC_NO_COMMON_BLOCKS = YES;
				GCC_OPTIMIZATION_LEVEL = 0;
				GCC_PREPROCESSOR_DEFINITIONS = (
					"DEBUG=1",
					"$(inherited)",
				);
				GCC_WARN_64_TO_32_BIT_CONVERSION = YES;
				GCC_WARN_ABOUT_RETURN_TYPE = YES_ERROR;
				GCC_WARN_UNDECLARED_SELECTOR = YES;
				GCC_WARN_UNINITIALIZED_AUTOS = YES_AGGRESSIVE;
				GCC_WARN_UNUSED_FUNCTION = YES;
				GCC_WARN_UNUSED_VARIABLE = YES;
				IPHONEOS_DEPLOYMENT_TARGET = 14.4;
				MTL_ENABLE_DEBUG_INFO = INCLUDE_SOURCE;
				MTL_FAST_MATH = YES;
				ONLY_ACTIVE_ARCH = YES;
				SDKROOT = iphoneos;
				SWIFT_ACTIVE_COMPILATION_CONDITIONS = DEBUG;
				SWIFT_OPTIMIZATION_LEVEL = "-Onone";
			};
			name = Debug;
		};
		828232AE25EFDB3F006893CA /* Release */ = {
			isa = XCBuildConfiguration;
			buildSettings = {
				ALWAYS_SEARCH_USER_PATHS = NO;
				CLANG_ANALYZER_NONNULL = YES;
				CLANG_ANALYZER_NUMBER_OBJECT_CONVERSION = YES_AGGRESSIVE;
				CLANG_CXX_LANGUAGE_STANDARD = "gnu++14";
				CLANG_CXX_LIBRARY = "libc++";
				CLANG_ENABLE_MODULES = YES;
				CLANG_ENABLE_OBJC_ARC = YES;
				CLANG_ENABLE_OBJC_WEAK = YES;
				CLANG_WARN_BLOCK_CAPTURE_AUTORELEASING = YES;
				CLANG_WARN_BOOL_CONVERSION = YES;
				CLANG_WARN_COMMA = YES;
				CLANG_WARN_CONSTANT_CONVERSION = YES;
				CLANG_WARN_DEPRECATED_OBJC_IMPLEMENTATIONS = YES;
				CLANG_WARN_DIRECT_OBJC_ISA_USAGE = YES_ERROR;
				CLANG_WARN_DOCUMENTATION_COMMENTS = YES;
				CLANG_WARN_EMPTY_BODY = YES;
				CLANG_WARN_ENUM_CONVERSION = YES;
				CLANG_WARN_INFINITE_RECURSION = YES;
				CLANG_WARN_INT_CONVERSION = YES;
				CLANG_WARN_NON_LITERAL_NULL_CONVERSION = YES;
				CLANG_WARN_OBJC_IMPLICIT_RETAIN_SELF = YES;
				CLANG_WARN_OBJC_LITERAL_CONVERSION = YES;
				CLANG_WARN_OBJC_ROOT_CLASS = YES_ERROR;
				CLANG_WARN_QUOTED_INCLUDE_IN_FRAMEWORK_HEADER = YES;
				CLANG_WARN_RANGE_LOOP_ANALYSIS = YES;
				CLANG_WARN_STRICT_PROTOTYPES = YES;
				CLANG_WARN_SUSPICIOUS_MOVE = YES;
				CLANG_WARN_UNGUARDED_AVAILABILITY = YES_AGGRESSIVE;
				CLANG_WARN_UNREACHABLE_CODE = YES;
				CLANG_WARN__DUPLICATE_METHOD_MATCH = YES;
				COPY_PHASE_STRIP = NO;
				DEBUG_INFORMATION_FORMAT = "dwarf-with-dsym";
				ENABLE_NS_ASSERTIONS = NO;
				ENABLE_STRICT_OBJC_MSGSEND = YES;
				GCC_C_LANGUAGE_STANDARD = gnu11;
				GCC_NO_COMMON_BLOCKS = YES;
				GCC_WARN_64_TO_32_BIT_CONVERSION = YES;
				GCC_WARN_ABOUT_RETURN_TYPE = YES_ERROR;
				GCC_WARN_UNDECLARED_SELECTOR = YES;
				GCC_WARN_UNINITIALIZED_AUTOS = YES_AGGRESSIVE;
				GCC_WARN_UNUSED_FUNCTION = YES;
				GCC_WARN_UNUSED_VARIABLE = YES;
				IPHONEOS_DEPLOYMENT_TARGET = 14.4;
				MTL_ENABLE_DEBUG_INFO = NO;
				MTL_FAST_MATH = YES;
				SDKROOT = iphoneos;
				SWIFT_COMPILATION_MODE = wholemodule;
				SWIFT_OPTIMIZATION_LEVEL = "-O";
				VALIDATE_PRODUCT = YES;
			};
			name = Release;
		};
		828232B025EFDB3F006893CA /* Debug */ = {
			isa = XCBuildConfiguration;
			buildSettings = {
				ASSETCATALOG_COMPILER_APPICON_NAME = AppIcon;
				ASSETCATALOG_COMPILER_GLOBAL_ACCENT_COLOR_NAME = AccentColor;
				CODE_SIGN_STYLE = Automatic;
				DEVELOPMENT_ASSET_PATHS = "\"learn_xcode_11/Preview Content\"";
				DEVELOPMENT_TEAM = 8XPRDYL3VZ;
				ENABLE_PREVIEWS = YES;
				INFOPLIST_FILE = learn_xcode_11/Info.plist;
				IPHONEOS_DEPLOYMENT_TARGET = 14.0;
				LD_RUNPATH_SEARCH_PATHS = (
					"$(inherited)",
					"@executable_path/Frameworks",
				);
				PRODUCT_BUNDLE_IDENTIFIER = "TecO.learn-xcode-11";
				PRODUCT_NAME = "$(TARGET_NAME)";
				SWIFT_VERSION = 5.0;
				TARGETED_DEVICE_FAMILY = "1,2";
			};
			name = Debug;
		};
		828232B125EFDB3F006893CA /* Release */ = {
			isa = XCBuildConfiguration;
			buildSettings = {
				ASSETCATALOG_COMPILER_APPICON_NAME = AppIcon;
				ASSETCATALOG_COMPILER_GLOBAL_ACCENT_COLOR_NAME = AccentColor;
				CODE_SIGN_STYLE = Automatic;
				DEVELOPMENT_ASSET_PATHS = "\"learn_xcode_11/Preview Content\"";
				DEVELOPMENT_TEAM = 8XPRDYL3VZ;
				ENABLE_PREVIEWS = YES;
				INFOPLIST_FILE = learn_xcode_11/Info.plist;
				IPHONEOS_DEPLOYMENT_TARGET = 14.0;
				LD_RUNPATH_SEARCH_PATHS = (
					"$(inherited)",
					"@executable_path/Frameworks",
				);
				PRODUCT_BUNDLE_IDENTIFIER = "TecO.learn-xcode-11";
				PRODUCT_NAME = "$(TARGET_NAME)";
				SWIFT_VERSION = 5.0;
				TARGETED_DEVICE_FAMILY = "1,2";
			};
			name = Release;
		};
		828232B325EFDB3F006893CA /* Debug */ = {
			isa = XCBuildConfiguration;
			buildSettings = {
				ALWAYS_EMBED_SWIFT_STANDARD_LIBRARIES = YES;
				BUNDLE_LOADER = "$(TEST_HOST)";
				CODE_SIGN_STYLE = Automatic;
				DEVELOPMENT_TEAM = 8XPRDYL3VZ;
				INFOPLIST_FILE = learn_xcode_11Tests/Info.plist;
				IPHONEOS_DEPLOYMENT_TARGET = 14.0;
				LD_RUNPATH_SEARCH_PATHS = (
					"$(inherited)",
					"@executable_path/Frameworks",
					"@loader_path/Frameworks",
				);
				PRODUCT_BUNDLE_IDENTIFIER = "TecO.learn-xcode-11Tests";
				PRODUCT_NAME = "$(TARGET_NAME)";
				SWIFT_VERSION = 5.0;
				TARGETED_DEVICE_FAMILY = "1,2";
				TEST_HOST = "$(BUILT_PRODUCTS_DIR)/learn_xcode_11.app/learn_xcode_11";
			};
			name = Debug;
		};
		828232B425EFDB3F006893CA /* Release */ = {
			isa = XCBuildConfiguration;
			buildSettings = {
				ALWAYS_EMBED_SWIFT_STANDARD_LIBRARIES = YES;
				BUNDLE_LOADER = "$(TEST_HOST)";
				CODE_SIGN_STYLE = Automatic;
				DEVELOPMENT_TEAM = 8XPRDYL3VZ;
				INFOPLIST_FILE = learn_xcode_11Tests/Info.plist;
				IPHONEOS_DEPLOYMENT_TARGET = 14.0;
				LD_RUNPATH_SEARCH_PATHS = (
					"$(inherited)",
					"@executable_path/Frameworks",
					"@loader_path/Frameworks",
				);
				PRODUCT_BUNDLE_IDENTIFIER = "TecO.learn-xcode-11Tests";
				PRODUCT_NAME = "$(TARGET_NAME)";
				SWIFT_VERSION = 5.0;
				TARGETED_DEVICE_FAMILY = "1,2";
				TEST_HOST = "$(BUILT_PRODUCTS_DIR)/learn_xcode_11.app/learn_xcode_11";
			};
			name = Release;
		};
		828232B625EFDB3F006893CA /* Debug */ = {
			isa = XCBuildConfiguration;
			buildSettings = {
				ALWAYS_EMBED_SWIFT_STANDARD_LIBRARIES = YES;
				CODE_SIGN_STYLE = Automatic;
				DEVELOPMENT_TEAM = 8XPRDYL3VZ;
				INFOPLIST_FILE = learn_xcode_11UITests/Info.plist;
				LD_RUNPATH_SEARCH_PATHS = (
					"$(inherited)",
					"@executable_path/Frameworks",
					"@loader_path/Frameworks",
				);
				PRODUCT_BUNDLE_IDENTIFIER = "TecO.learn-xcode-11UITests";
				PRODUCT_NAME = "$(TARGET_NAME)";
				SWIFT_VERSION = 5.0;
				TARGETED_DEVICE_FAMILY = "1,2";
				TEST_TARGET_NAME = learn_xcode_11;
			};
			name = Debug;
		};
		828232B725EFDB3F006893CA /* Release */ = {
			isa = XCBuildConfiguration;
			buildSettings = {
				ALWAYS_EMBED_SWIFT_STANDARD_LIBRARIES = YES;
				CODE_SIGN_STYLE = Automatic;
				DEVELOPMENT_TEAM = 8XPRDYL3VZ;
				INFOPLIST_FILE = learn_xcode_11UITests/Info.plist;
				LD_RUNPATH_SEARCH_PATHS = (
					"$(inherited)",
					"@executable_path/Frameworks",
					"@loader_path/Frameworks",
				);
				PRODUCT_BUNDLE_IDENTIFIER = "TecO.learn-xcode-11UITests";
				PRODUCT_NAME = "$(TARGET_NAME)";
				SWIFT_VERSION = 5.0;
				TARGETED_DEVICE_FAMILY = "1,2";
				TEST_TARGET_NAME = learn_xcode_11;
			};
			name = Release;
		};
/* End XCBuildConfiguration section */

/* Begin XCConfigurationList section */
		8282328525EFDB3C006893CA /* Build configuration list for PBXProject "learn_xcode_11" */ = {
			isa = XCConfigurationList;
			buildConfigurations = (
				828232AD25EFDB3F006893CA /* Debug */,
				828232AE25EFDB3F006893CA /* Release */,
			);
			defaultConfigurationIsVisible = 0;
			defaultConfigurationName = Release;
		};
		828232AF25EFDB3F006893CA /* Build configuration list for PBXNativeTarget "learn_xcode_11" */ = {
			isa = XCConfigurationList;
			buildConfigurations = (
				828232B025EFDB3F006893CA /* Debug */,
				828232B125EFDB3F006893CA /* Release */,
			);
			defaultConfigurationIsVisible = 0;
			defaultConfigurationName = Release;
		};
		828232B225EFDB3F006893CA /* Build configuration list for PBXNativeTarget "learn_xcode_11Tests" */ = {
			isa = XCConfigurationList;
			buildConfigurations = (
				828232B325EFDB3F006893CA /* Debug */,
				828232B425EFDB3F006893CA /* Release */,
			);
			defaultConfigurationIsVisible = 0;
			defaultConfigurationName = Release;
		};
		828232B525EFDB3F006893CA /* Build configuration list for PBXNativeTarget "learn_xcode_11UITests" */ = {
			isa = XCConfigurationList;
			buildConfigurations = (
				828232B625EFDB3F006893CA /* Debug */,
				828232B725EFDB3F006893CA /* Release */,
			);
			defaultConfigurationIsVisible = 0;
			defaultConfigurationName = Release;
		};
/* End XCConfigurationList section */
	};
	rootObject = 8282328225EFDB3C006893CA /* Project object */;
}
